
Microsoft Visual Studio Solution File, Format Version 12.00
# Visual Studio Version 16
VisualStudioVersion = 16.0.29613.14
MinimumVisualStudioVersion = 10.0.40219.1
Project("{FAE04EC0-301F-11D3-BF4B-00C04F79EFBC}") = "AtechTestBackend", "AtechTestBackend\AtechTestBackend.csproj", "{8FBB62DC-DA47-453F-8DD7-92DA27218CD8}"
EndProject
Global
	GlobalSection(SolutionConfigurationPlatforms) = preSolution
		Debug|Any CPU = Debug|Any CPU
		Release|Any CPU = Release|Any CPU
	EndGlobalSection
	GlobalSection(ProjectConfigurationPlatforms) = postSolution
		{8FBB62DC-DA47-453F-8DD7-92DA27218CD8}.Debug|Any CPU.ActiveCfg = Debug|Any CPU
		{8FBB62DC-DA47-453F-8DD7-92DA27218CD8}.Debug|Any CPU.Build.0 = Debug|Any CPU
		{8FBB62DC-DA47-453F-8DD7-92DA27218CD8}.Release|Any CPU.ActiveCfg = Release|Any CPU
		{8FBB62DC-DA47-453F-8DD7-92DA27218CD8}.Release|Any CPU.Build.0 = Release|Any CPU
	EndGlobalSection
	GlobalSection(SolutionProperties) = preSolution
		HideSolutionNode = FALSE
	EndGlobalSection
	GlobalSection(ExtensibilityGlobals) = postSolution
		SolutionGuid = {08DD01AE-86DA-439E-BA86-FA922F0F15BA}
	EndGlobalSection
EndGlobal
